{
  "object": {
    "pins": [
      {
        "package": "ObjectMapper",
        "repositoryURL": "git@github.com:tristanhimmelman/ObjectMapper.git",
        "state": {
          "branch": null,
          "revision": "0b96a734de3ea1c87374ae677064f86adb0716ec",
          "version": "4.2.0"
        }
      },
      {
        "package": "Willow",
        "repositoryURL": "git@github.com:Nike-Inc/Willow.git",
        "state": {
          "branch": null,
          "revision": "816ff0129ca61cae3d00ca82dadce7f759d29ce9",
          "version": "6.0.0"
        }
      }
    ]
  },
  "version": 1
}
